
Microsoft Visual Studio Solution File, Format Version 12.00
# Visual Studio for Mac
Project("{FAE04EC0-301F-11D3-BF4B-00C04F79EFBC}") = "Corruption Clicker", "Corruption Clicker.csproj", "{47668667-5066-BABD-94A6-424212EC301E}"
EndProject
Global
	GlobalSection(SolutionConfigurationPlatforms) = preSolution
		Debug|Any CPU = Debug|Any CPU
		Release|Any CPU = Release|Any CPU
	EndGlobalSection
	GlobalSection(ProjectConfigurationPlatforms) = postSolution
		{47668667-5066-BABD-94A6-424212EC301E}.Debug|Any CPU.ActiveCfg = Debug|Any CPU
		{47668667-5066-BABD-94A6-424212EC301E}.Debug|Any CPU.Build.0 = Debug|Any CPU
		{47668667-5066-BABD-94A6-424212EC301E}.Release|Any CPU.ActiveCfg = Release|Any CPU
		{47668667-5066-BABD-94A6-424212EC301E}.Release|Any CPU.Build.0 = Release|Any CPU
	EndGlobalSection
	GlobalSection(SolutionProperties) = preSolution
		HideSolutionNode = FALSE
	EndGlobalSection
EndGlobal
